
Microsoft Visual Studio Solution File, Format Version 12.00
# Visual Studio Version 17
VisualStudioVersion = 17.0.31903.59
MinimumVisualStudioVersion = 10.0.40219.1
Project("{FAE04EC0-301F-11D3-BF4B-00C04F79EFBC}") = "Hahn.ApplicatonProcess.July2021.Web", "Hahn.ApplicatonProcess.July2021.Web\Hahn.ApplicatonProcess.July2021.Web.csproj", "{F40691C6-22C5-4893-813D-2ADB31DF8D22}"
EndProject
Project("{FAE04EC0-301F-11D3-BF4B-00C04F79EFBC}") = "Hahn.ApplicatonProcess.July2021.Data", "Hahn.ApplicatonProcess.July2021.Data\Hahn.ApplicatonProcess.July2021.Data.csproj", "{865F5E3A-35E6-4F18-94C4-BE742CE6ED7C}"
EndProject
Project("{FAE04EC0-301F-11D3-BF4B-00C04F79EFBC}") = "Hahn.ApplicatonProcess.July2021.Domain", "Hahn.ApplicatonProcess.July2021.Domain\Hahn.ApplicatonProcess.July2021.Domain.csproj", "{515CEBB8-329E-4CAE-BF5B-C446F289C1A8}"
EndProject
Global
	GlobalSection(SolutionConfigurationPlatforms) = preSolution
		Debug|Any CPU = Debug|Any CPU
		Release|Any CPU = Release|Any CPU
	EndGlobalSection
	GlobalSection(ProjectConfigurationPlatforms) = postSolution
		{F40691C6-22C5-4893-813D-2ADB31DF8D22}.Debug|Any CPU.ActiveCfg = Debug|Any CPU
		{F40691C6-22C5-4893-813D-2ADB31DF8D22}.Debug|Any CPU.Build.0 = Debug|Any CPU
		{F40691C6-22C5-4893-813D-2ADB31DF8D22}.Release|Any CPU.ActiveCfg = Release|Any CPU
		{F40691C6-22C5-4893-813D-2ADB31DF8D22}.Release|Any CPU.Build.0 = Release|Any CPU
		{865F5E3A-35E6-4F18-94C4-BE742CE6ED7C}.Debug|Any CPU.ActiveCfg = Debug|Any CPU
		{865F5E3A-35E6-4F18-94C4-BE742CE6ED7C}.Debug|Any CPU.Build.0 = Debug|Any CPU
		{865F5E3A-35E6-4F18-94C4-BE742CE6ED7C}.Release|Any CPU.ActiveCfg = Release|Any CPU
		{865F5E3A-35E6-4F18-94C4-BE742CE6ED7C}.Release|Any CPU.Build.0 = Release|Any CPU
		{515CEBB8-329E-4CAE-BF5B-C446F289C1A8}.Debug|Any CPU.ActiveCfg = Debug|Any CPU
		{515CEBB8-329E-4CAE-BF5B-C446F289C1A8}.Debug|Any CPU.Build.0 = Debug|Any CPU
		{515CEBB8-329E-4CAE-BF5B-C446F289C1A8}.Release|Any CPU.ActiveCfg = Release|Any CPU
		{515CEBB8-329E-4CAE-BF5B-C446F289C1A8}.Release|Any CPU.Build.0 = Release|Any CPU
	EndGlobalSection
	GlobalSection(SolutionProperties) = preSolution
		HideSolutionNode = FALSE
	EndGlobalSection
	GlobalSection(ExtensibilityGlobals) = postSolution
		SolutionGuid = {603E0086-B369-40A5-8C08-FEF429308503}
	EndGlobalSection
EndGlobal
